
Microsoft Visual Studio Solution File, Format Version 12.00
# Visual Studio Version 17
VisualStudioVersion = 17.11.35327.3
MinimumVisualStudioVersion = 10.0.40219.1
Project("{FAE04EC0-301F-11D3-BF4B-00C04F79EFBC}") = "CIS236_Contact_Manager", "CIS236_Contact_Manager\CIS236_Contact_Manager.csproj", "{3B702131-E4BF-4E67-9FF2-C522C7C55FE2}"
EndProject
Global
	GlobalSection(SolutionConfigurationPlatforms) = preSolution
		Debug|Any CPU = Debug|Any CPU
		Release|Any CPU = Release|Any CPU
	EndGlobalSection
	GlobalSection(ProjectConfigurationPlatforms) = postSolution
		{3B702131-E4BF-4E67-9FF2-C522C7C55FE2}.Debug|Any CPU.ActiveCfg = Debug|Any CPU
		{3B702131-E4BF-4E67-9FF2-C522C7C55FE2}.Debug|Any CPU.Build.0 = Debug|Any CPU
		{3B702131-E4BF-4E67-9FF2-C522C7C55FE2}.Release|Any CPU.ActiveCfg = Release|Any CPU
		{3B702131-E4BF-4E67-9FF2-C522C7C55FE2}.Release|Any CPU.Build.0 = Release|Any CPU
	EndGlobalSection
	GlobalSection(SolutionProperties) = preSolution
		HideSolutionNode = FALSE
	EndGlobalSection
	GlobalSection(ExtensibilityGlobals) = postSolution
		SolutionGuid = {DF77AA06-8776-451E-8F55-0B239F6C17F8}
	EndGlobalSection
EndGlobal
